
Microsoft Visual Studio Solution File, Format Version 12.00
# Visual Studio Version 17
VisualStudioVersion = 17.7.34024.191
MinimumVisualStudioVersion = 10.0.40219.1
Project("{FAE04EC0-301F-11D3-BF4B-00C04F79EFBC}") = "kurs_project_PogodinaV", "kurs_project_PogodinaV\kurs_project_PogodinaV.csproj", "{7B636EAF-BE80-4184-AE79-78EA8FD7B27F}"
EndProject
Global
	GlobalSection(SolutionConfigurationPlatforms) = preSolution
		Debug|Any CPU = Debug|Any CPU
		Release|Any CPU = Release|Any CPU
	EndGlobalSection
	GlobalSection(ProjectConfigurationPlatforms) = postSolution
		{7B636EAF-BE80-4184-AE79-78EA8FD7B27F}.Debug|Any CPU.ActiveCfg = Debug|Any CPU
		{7B636EAF-BE80-4184-AE79-78EA8FD7B27F}.Debug|Any CPU.Build.0 = Debug|Any CPU
		{7B636EAF-BE80-4184-AE79-78EA8FD7B27F}.Release|Any CPU.ActiveCfg = Release|Any CPU
		{7B636EAF-BE80-4184-AE79-78EA8FD7B27F}.Release|Any CPU.Build.0 = Release|Any CPU
	EndGlobalSection
	GlobalSection(SolutionProperties) = preSolution
		HideSolutionNode = FALSE
	EndGlobalSection
	GlobalSection(ExtensibilityGlobals) = postSolution
		SolutionGuid = {6FE57E92-165E-4FAF-B420-E71BDFDF3E11}
	EndGlobalSection
EndGlobal
